34e7a8b5cad7a2510e153027cce9d88e96abe685b8b532560c1e42e02b8b9ee0892418a4
11a76f6f5e5599d44b23377f26637c5ebbc41d63533ccf7a82de882619ba614cc6b8f0f4
ca3095b1db5e3a0a047e33b1e5539ab780a25e0f1f685d5aeabc8412f09a93520622f7f5
6320a0acd8486e818e6a49e954991d317a9239d743bce8c549184a14bbeb07a69a5c1eba
e2b356ecf0351747020ca6997613ab0cb66f4b4a1fad83fb54bebebdb79bde3ddc9a52d3
0f4613ae2d7870d0582d80efa462d3fad711af1f895f065699bb1944529eea2f56aa7ad8
2aa9ab8fa0a6d1cc225ac1ea3a2e4624a57b72c525ba4f97b9c67c8ba1dc82b2f4b7da53
76ab5395931fe54b34b1624a20fad200bab6086332799e70da4ec5841abe03f485cf14f7
a90e39f4e55ef541c0f1537c2febea61742d507ed9b833865ecb621ac26eb47682525e6d
eb45211055391688137ba17e2157a1116dc48287baa11a065e82fca0813ddaa5b77f963a
75dd8c97991561661ae986bb0623c2549602392875e97bfa08d97c5e3174648059559f86
8efa1f1e121907b11bbe2c1cb16f19d75dbd509eaa89095a0535dca38460902e4ec2ea59
6e4c75888fca292ac0efe6b2531699c1ce64c019f07f076ffefd24419b6fc3ea4e0d4d86
420bf168a022eb7c806cf09c820c6c717d4b9c32847147a4f1fe091bd5b5d83898ba0f82
37cfd08f596c3e8dd040af8739ab88b70bb586c589e6aa151cabfa734f5c08af506ef109
82d926853e16276b00d2cbe3f5d28d07ab87638aa2ce6a7a059636b375852c6687167873
b53ad1faead78f52224c718e9389ba0bc56c79d5b8985f86a10b1329427da8c9ec25ac08
68fb4c5b0b4d06016984101d6f92550d73532d1af6940f26b072f18a5f9cf653be6c1b2a
27ed832c6cc5eb4e85e25ac352855e3c65b1d9033e4a7238fb6b4acf55aec1153b7f973f
2f614e5fab342aceb4db620031e1547d2308c5617bc3b784430935e8bdf530f455fdd52c
2fe9f9c658f904d64ac4393b223af5f2c7ac47d753c46abab7a66997d68a467f1b707454
ef47ced28f2a4a4c32232b86ef711c36f6509919f875d80d04aef805e063e8505800b736
827e07f6f527630504bcdb52615594e19185c5f2053490a2aa7d4f06df3f01d1fa08c75b
ab57e506480296a068df0a437db361c57cc10c208b0971e0876813217332226be84d8838
134725832182729a464d01de37f8e2a08f499f21473fc914c393985b8d21c7f9ae3b0789
b6b0f1bb8ddf1d305f579aaebf630461513c0de7588a2c91efcf0db42082d98157a07b46
b35f0774647c47a1b2c78c777468eac4f7e7a596b59724a49dbf5c6d3b0935a248dd00cc
dce27fb353380eefb6e2c40e14d7ecdbe654f8358ec22ae046680e7d1ee71f8f51eab804
df2d295954f7499be213202367f7b19422c65f3b7f923a6f6dce63dbb6a3ed56bc2c1ddb
00fc82c43b7e1a2c9f6b4739d5d4f0388efd96fe58d0264c34449c4a0b391fb4da7fa7ec
fe69203ef323bbf14ae9333094cdd47f860eec83b8a2653a9a380918181611a7033648bc
fac5267b34c85ed2295040120aeae0803b78f84947c12cfeaa43a0fd425cbf115e0776a7
a4d0adf32f96e6d361a1d7ae6bb9b4cca47bffc1495f7e04d9f324fb31e05e2beb501e26
0d6b8892f4b535f3d706016adfe9e1a956bcda2434a9325b14a99b9e4ccca8fd06cd31b7
6ab8efcf05cce5f6376298a1c83bc0c3cf341415b10f6c30720f5354112927d8f9f11a8c
4031c9cdb3fd8f59ad1739452ba02a19b985e9b915bd5909a2985685b65808cd29fa85fb
0f346c0cfec04effd3a4a9197e7beef963f9c6a71c1410fa768048998aa693d64ef10007
c7c083e10ae9a13b27dcb07f0cd38fa6a0d3ac238071351309f78be474b4372d1677ab99
10678f7a12fc5c1516789bbc239e1a988180cdca3df497043173129e69dd1d52073cb705
5b67d3710e9951da287ecddb34acce7f6368ecccff8a1a96194f8cb3c931358390adfc9d
b99b27ff20a92783c1ee1dbfee445c2484e3ed30ab8eb1ed4a5cc3023d6def75742ac6db
7a97b691805458b0649afc9e8405f8f4607e7ddc5d771c17f9043396bada730b57047de4
f8a39ff97e0691bee1cb51628587e9e18999fd4e607f9984627f3f81466ccb2d2f6eda28
dce38948bf2199039437711f00bd5c276505281ce08a5cfb0e567de97b6960829e1df493
3f99345e25f04e546cba94bab2af5c0e9954136370784d85a33d3dce36f507b24958f96f
94fd598c9b2a8866f351e025b2f0e78f31fc7bd861a93f3d012e61d1d7e9ff21bc0b3f20
73aac76c5008480e6acce8702552b2cd57988a3638b9590450f4435ae5e78ceb6dc2886c
967585903b52546eabfa0a7463c246a347e9726e2412be528de6a83d82bf4ef72bcab7f2
766e4fbcf0d2e9acaa83b21373e8904dc56ff450b32642ce7412f65218c11064338124d3
bc310f4392203d81664dc254b68a4b7670d05e9d3455546c45f1f0ff1a947ab3bc9279b7
d291f2cc73018467782f37e125de87ea2b9b7bcfc17d82a45869e09610178f63ea008ab0
7b13e0f47186d508433ac64b863308ba60806b23313162aae5622bfc44a93bab92b2f69b
6d5810a1eb03a0128c13f8bd21778e25f128e71c879dc9cbe55ed767511f49e6418f1714
28f3d89d0fac1cbb91f29f75604b4b24c58fae89d384f8de5cf9a5ee7fdf582d48346266
ce4259d6d5071c746ad2efce5cba223e05fbbd9afcd8317485d7ae7e2699e73c3a46e27c
cd3534d5598c03c35bd8871c47cdd5f8d77b831d745ddc17ed0fd997d833aecfb1e7abc7
f511088ff397660e7ca0ed416850865d72c305fda09d48306f2a925e68bee10a0e664641
5aeb0684cb655fc71720c7d9a04e62d7b9ca78fcdf5a9365d2c19e0ec43275d06ddf11e2
dc1151f01a3f5809e70c3554468d386b6ec74f08e41ab72e1b8bca17b845e6862e54b07c
c3e55e81617c027b4d82ffe431f4c91862472f4a761773d2e25866fc673210b8bfab031d
75406833ad73d50c9bb3cc2e680b8515698deb93eaced99bde55f564768890d6fefca0f6
4eda47c5b7720928dece74057348fa3703eae41662437b2d889d96c8a1f9b6ea3f805b24
67c24377e99f5e61617b0f385f019f53ba2a3689f68854d45f963845299c0dd3abc33373
350a6aeeefb9d2e80477843d5f0d308dc09b7d232ab7d115cdbd5f976d52305d3bcc5a46
73f5fd90c2a00032cf4f6a6346b4f9bc1fba3c75aeb6a673d92219f0ebd40f9c58ae9fb4
c580c677e56c03ca1e94507540264c542d76014fd710943ea45241bc64c523b697199ec4
96d498b1db658b17095d6c23f2368df43ef425882dcadb8d021ffdb9f70f5e68a2891a99
e7cf70609aead0f68078bebbe21f428fd466cc959cd3752972e4047e0474031c427903f0
2142f8fe59d149cba9080eaeacc1a78e10e9f8abbaf36e33bd5b8df539c1b8d4c0c901ce
1fd6621a76d9b2ab6cdb1353c75e1035a7cf61bf716364871914f7a1cd97defbf7f5b182
cf72971b5d64c17b1eba1912a3659026b34ad2ed1f92555a97a72bd779282d7fa42cd7f6
eac503cd44fcfb5c8f21126f97665c6c4a44c0e61281878f2076b76b17c855ffcbf587ec
b190302a32854cb18cb6c563f99d29f170a55c01e361a5ab1990e7b9259dfa55457bd51f
a701f4c2679b62b5c9a3f4c32a171388600b8add83130de3ad9e49d9013ed81f0ff7f585
339b279bd4c9b47c6f7071ce6ee62707a0972b9294bde7722e154b39450767290d3b071c
20401a134cf5aa1bc7fc3ff9ed65783b086a3041f1009c8b7c312c99cc7a858c4585bd5a
9842bc7c23cc84efefe63c89b4a7b3ab0ed73bff41a54374eb03365b92bc7a6760536152
ccd8b8d627164c232f317e8ce147857b7d8583ea1f7baf34574aa143c1ef04ce5f0d8e91
fa4e7157767f30200457d46aa0564984cb6cb8ae7b1b352035912d839fb2298ec43b0fe4
3ad0765b9d014c54c503f07f79b897aa8bb8a52d38172e39f48d4e4382602042b72855a7
d6672f270f06f866ba91c270f6d47664b4fd344a1b697fbd172e84141d75c03656a86e6f
2097eec1bba63ec93251a8d0c8700f2ffce09bc9d85602ea12c10a051faed412e441613e
bc7e94bfda1fdd23d5768cdf047b587fc26c0c6d445f01caa51692a2c1e062d787cc5da0
47fbc2da9d443a8f19980f77ec3f38f629bada8289763178d835f596f6e58a6cd071bbc1
711c152c757bfce1d6a0150fcc20e24e0232aec7ff87d13480681db6ceaa652c060c0d3f
d9b7fe641a2543f206b0a59cc29c7f3b5f38e9980a7691a0f6e8dae62f5549a5750c8c44
20bb928d16d418d42d16457be5e41c67a96723d41837b29556ffb4c7b30ec8f4823ee2d4
004214fe9869673afd6f28626b824dd08c9fae04fe60ceb133e5a21f72cd935bc92fe241
8aebf0d7f88446bddd1fb2e8dfcbe86cc3e8017aad283fecfc1d87896873828f41f44755
48594bee925aafa381635c5434ab2e4a57b4dff0ecc1cb9501cb118b0127354d8fd30175
534c80628f15f2b4ea9db0ac99b8e80b896d5fb8106bf106b4d69647dfcd26ef7cfa3b5e
3cf12142bc6017712e43b682c7a5f4eeb2dc23f54d2c77ced0a440d3d0dcc3366920948e
386a4fc6691d59f3c1d6df8040e5cdfb47fa454e73e0ad8f3a67b524ac5f344c7091a7f3
100b20134b1492f0f48e6be6f91e475f1a74b3c6a9ab7d14b2f29f7b26954ce7d8c69402
2057dbaf3ecbefd2e5d182fe84840c4f0acd9fc51a8dd5a5c5f020b3bdb957721a92c093
9292f3169edadbe609baadbd50999122bb0eb7c51ad7aac0c5dd7ae722096935cba95bd2
2cb4b0c02e935a7b2bbf2e274f450dbc63daef232d00d5e4c0806d7f4c0db4c84cc1846d
8b9923aa2d1ace3deccbb313f18daaf2b04f99b0afa366afb91915a1f5c8500f2b761933
7bdf417471eae8a130efcaf601b79ad4be5de2a1f83bfd7d243108b6626672996257e5f7
6acee36ab1bc331f41d64d30e972da6d8f3dc5e2e4a262861a2f4751d38c1e906d125c2c
40003f9b539ce267ac69143cd66f67c1ec08458cbff8b8adae102fb17b8922e2585f3e82
c30118c798e2b4ee775faa5bac28e37e831e9c15a35b59e44f866337fe1a4b5952b5bca1
2b095e97a5f6d1d625155e66f184a448695f732f7a5cdc12e8ef2faaf24a3bf9cae37608
9869635669bf46c293a1d80b686ae3eeff8accf1944f550918ae20360b3037b3632f0028
71045c5dae4672d88daa6e29d4fcc503102e730c4a144d3c54630df66d1c59efcb1b8cee
0293776485f3b952cab8740fe66502788b53c74da856398fd205eab17621d786b601f185
988f3c0fe3be969b248f6e05663541e8e62e783717d1143e45ad3618b7806298256fe621
ac5149cf838428dd21592163a9c0b9ec84ac88b36bc910a305e163cf5f454a2d0120513f
b78e8f2e2cf67784bc181d5fd1e870fb3c8072f7f3aa2d5d37455c886c96ec07a8039939
a04b82dc83e502cf3822b374ec25e795e6b0dc9b7fe8c88fd330ddc7df3be7c7ba6e3453
455d5004d04a23e11fa79e64cc21c6d664b27f2f22c884e4b49db765b36c436051320f7a
f79ba5331722f6ac6173e4974953ca025282af5c30039af7b6676b588fe1f49e53dbc202
e1ec5a3705cf37a6a146538a75629e02fb629d412bc7f1c2c192c7ec6dfdbf78bdfa0ace
4d108e658a67dbcb76fc10874395c4dda95fc72dd305bc8d3672cf955701a81712468886
840e4abd6cc0e5e410b3b6ef823c6e9cde4472eaa5c34b3a7bc0b0d3da1b270ce5238953
8bc315b355c42a80742152f240e7488a5396022fdeaf28702124ea3402e7f718211bbb33
0c5c5a4fdd8f1ad05d01da5d23f54a830a3ed0c7d0539f530391922f735858f9559fe9cb
ee4802107a3c0cbc0a006561b6dae750b9990ac0208aecb0ff3d5fd29d00cfe2bbaf2b8b
3261b9b3fa8f8869660dd456f2ab16933916af1ee63b7f829f2bd24a9a24e8fba3b76428
d87fb681f817757e9e2cd388d7cd125ad775798247de400d2ea731248f70f4dae4c4f9d0
b287c8d5a2801018d71feee99abf5d87e2f29d0dc5316bc6eb248d0b31d210bd831c2741
16b39031d6053dc2d42438ce8a3b0e7a69f426f7c683c5e796f72006f576cd3d04d1d3eb
7ab4e79f069f581395e3be5d5069cdc6f13129355256e21d27d47fb7d9ac0a66a7820356
cb21a81e9b01c512d760de8c14f80d4ef6818f7fabe27aa5167d6babf58f51f65610ca3b
25c20a518161541c2cf2540cc36fee53821edc83595bec26e9410754c43735dcd059bcfc
eacfd5ed4231ad9974c0783bb1d8c4622d803773f61be60db89b9ef29b43a06570b8765c
11c9269705e3867c3d865a81c417b46696394c790fb039deec3a89ed791c41338e4a547b
900cb4515b6e36c5ffee375755eb81d85c50374af8927e1783eb3de0952decb59a6d5d4d
f20ceeffcd4326a6bd154d0653062af955be7a8a12ccd254a7faa924bd3d5f5bea74aa84
cba773799ebc02fda7c3ebbef0223887591ecf460140ce3e6f27e329f7f1b5f7c8a4b5d6
5a13aa26b826f99fc564e5819736ea2151c07030b56851d5a1d286369fc6a1f6f4c98031
e841af541ef0c13007785f84be38e7510478291284f8869bd6daa1359036deb632c5dafa
85cbafbfcafd25a1f5c71c36013af690709115bcd74d5d87cf341590409b26de838c82fc
9505723baa40773a27909d1f069db8efa2e3cfc0e66114a07591d488ab02a07e5af56486
b1543234687c084f7f4c5b94cbaabffb19a264ce19b84d9ed97513e5bf12f4932dc99a69
9759f22fb990e20d8bd293709079a41deae439018bf708a4238cf8a5335a3966bc5361b5
d21db7ae40e84ab40dbf200f5cdb2aa505f4457d77cd0be6ee5f2d92e3f8957272c7cd8e
129262ac969191560dafcc3f36164d31474f233826119b4e7c55d8dc628b5bb12b5c06d4
5a21cf465cfc84cd5d1031e7c789182df25e4ff2ddb020cba018a6abad5c8ec5e700bb4b
8558b69655476df6dd479c03892f5a6ddcdbb105be078a34b526efef60b526b5fbace53a
9b096985ae6f8fa8082c197942cc1e9bf40aadf4d7c6916bf48f52e698d820f0f4269463
9546b992b26e28584a6434aaade95fcb1177b7104f2732e0b3e5363c360e8d25a83caf2f
17e5ffb2dd85986f9b5144691da0ece9f250112eb5221d7b71465a1dc816c800249bde91
5b36a6a376013e1c150679371883365548019067b60381b37c5f547ffc8babd338736906
a8c433216e67bed4e0c7489e1624d18b59029014bca626bdf6962d4773864ef5f9ea1cbf
d38971337cb8a8a28c1ad1690d359a80acdce402fb59467147e2507d98093220cef5e9e9
196731e2c9e70741b693e89d1cb3b1edc496a7617f5bb34086e9aee4c4740dfc582112b0
16c6f014290e86e440a593747ffb22a793e5b7762c4c470d6644b94f207a83a2362979c1
0ded97e8a74383d2c83cf9bf53debb97dea23adbc5204edd58dbe2a238521b3e22c3a467
b278a0904713ebce3703bd09118768ec2c86ccf4ae7b02ee5b476e6a4df0bd9331d071f8
94402baa152357e8e9fd6b0acde689642f6f77e9d3a8adad16bf6ede7f527e57820b0166
63e2c406417380dac07b82f7306b1592bd3e0924354f5b58ea5398b7f315fb1cf76bab42
fe9faf9fbc8f3c1bfa6b078131ec338c8a9af96da38c741944cdd96753407b0168f70700
2d2631244529cb985c497ae0240d7ad7e2efcb7a607c5339c2cea52b1df472df39bf4275
4b7b774faed580a740cc0cf5141eae563f29d83a1e8a0b6d2de6550dfafcdb495929ed75
f31d4f79075dc7dac7e2fd2ee328c9da418fdd68307e8af2406267bf0dd144bf7677c3dc
cde56df37234716079be621dfd7c1d631571d8f756ac86afd51b43b5958dacb94259d995
0b8e87d5caeda870ae7ab46025d520506b5cec75d3da6f4369ee14815b5a93500ae00a32
6b2568182bb4341890679918df82501e5e947b0860b9ad62207e5702957fc061da544326
cf1edb6955ccc524dfb699384cf7efef5bcdc932d9dac49c16ff41cf339fd23f933987b8
2ebc5ca417c18e6f3aeb640f4f3ed7f9ea4de1e64fe3d29049dc787bff8fa2d806c9d226
78db344ef10f6e380d98fa7c1e41b16141ae777de104c270a37ac795b7238786e83e066e
8d0a33386e44b0b300b9e116d76b1a170c0198f43da56e4efa501ab304a094012a4cb6d7
5533a6cb15ba785e47d2e444b201eac73c16b5fa1d594c7e59c2e0d3aad054238b29812a
4160ca1b1645499a0cd0a50da50faea48393434e11c605107d5555b3ea3e99682d7562cb
5854c3ba63ecee87757aed9c0502aee95abf62832f0b6dfa286823cbed863efb830d7b7d
1fab72ff0c2055ef079c22794281afeaa412a6f59677e73c3051ef819fc8a88e6e0ecda1
23492f852ca3dd6304cb44390225a2ae10d47e318e968b3e20c537a600448e5b5f3a1fda
5bd068f5d989d55a1afbed46c7c2711e38530e2a7eb88b72d5949d9c9f69a2f320a75a30
f65e893d6568f0c1c7641cc025f101bd7c888a43f903d7c542205c6312de5a878e36becf
bcdc7852377a5c38fc88ed9344f560dbdbb6d975eaa6783c6ff00d4c5b1092483843d1ae
cd5dd60a31f03ad6abf9501922e2801b56f3cdf0a68a0eeae0bf6e2a5916cd9c7a17df2b
cb3af76f37728054133575a85d01a8fdba71c9d61495504b5785cb69af49f580920692d6
a746339bc273f87aee34a2820643b062ee04b716aa83c6b76ca0e1f0a2c28e5daa1dbb5d
9cef9c072573d181873aa9a823c137902f6e09bed2d54ca298254951690892f82ad6c5f7
1ed85dd31436d9a4281d05b0f973412d93d102943df6b8f22341549269da1b319a615891
f5021e460e150ecc2f26e558191feb9f9d2a7afb27bcd1020f94fdb70a500ab7517a9276
77ee6faf3199b0bcce04ec3a5d190fcee1cc35f9bf6f456b52fd11b6c7fdc124921c79fa
8ed9bf54b6daf0e8a3a1ce1d3ba7794d1a696514c80ae654baea748e3f53ed645b735d57
1895d0b4060a4ca843a4ca145fb7f4be610841db4b0d07afbe8864123fb383ec90c0198f
40986287ee4cb7de63f459cd5bec8bbc36793cae9e5e778ee96229efe581edb9a4c56b51
29d6b8ccb677640233254829944938d71c323c17563843889eb71763702cafda4a30dc18
cee12504f7abbacf4b74fa34345ae01bc94f8230cd642f600f26f885a7ee556a36536ba3
0b3db47c089a8f44fbb7ca5987f4e75fa4147f2da304446daa0b9aadac64baeef3148940
79adea801b5f374f1b555bcbcb670ee67dd101f92a2e34216413c6c57627921757a764c9
1b00af29e335f0b34d25567723a66f400b1c294c7b2bd6fe830b17ebaea67063737a439a
622247625d3a669a67e094429573d31ce011f24045a341ff46d1cdc33bccfd25142b68f9
6d7dfdca2e9e5b98d4bbde3cb3aecc4f303c8b35c3b9efafd3218cb55eb4e0d0e1a03636
d99435f44a7323bd23a393aa50981df3f5702ae016b0b8b0de4bd6b229d57c2d97d24e36
9a4022ff1dee02a0f908c1da046d5805bbceb1a6aac3addc45e4bed826408e721c9b2077
0fb91090023565f4ec2bd52983ecbe81a0377b1eea53aa7054bc74d883fae9b0f41edda3
30acb52a360a3e6f291c130252919ffc8de7cb14361a8d168661eadf88f19e7a5641d7e9
4868d44822fe13fdd252f6e32413412326fb1baa9e1b0dad771378a44a5277ae7c5e8280
6175fdab05917ef902e5fd1aa6ef4b7adc40488e2aa22d770dc746ff746b5757453881f7
8f393c23916836b6a56154113d18545fd9402b866d2233acd88558e6ff2926b40445984f
64fc71dfa89947d3d2c2dca0c472e89caa366e543c5531f4c3e8d2d940ee5dfcbe4aa7e5
fee227ad559b6389f8f8751a16555e83b6633b6662c3910dd8b772a355fb6a50f0858b99
048188759edd261a751db0583561c17029d6155991d94f60e7392859d53ebb143569168a
8ca7198e8950da31af0a55a9e35a5d7213736c472ed0db9904931789b3888efb271a81a5
bd50955fd3759655c89960b040d38c9eb8d6f2b62aff25eae638fd7a1eda50d86756c8ac
5ec793a45dfa1c79d34c188d52d3ad3195da9ff06dcd8d96eb879bd8fcb65b2698d03e1e
5b01f4766ee4a2a16b6035b635c795e616c63a2cf7e7d1d3bce0335fb27bc340e763af62
e6fa2a0ea9433f575f6fb516f42703d0ca22bff0161f4005e33dcdbb651e5cf6b59f3799
c73fb689709e1809c6d61da111929687171723d579e931118df4ccc8d7f6c5d44d3272f3
f808467c15e9982bce79c324d44e7bdd918fa098cd374a3c721d9b258b4f0fb43d5c9905
50a7ded07fa5d226b397ab60f182328939a5bcee45faf5c3741ab7f511aeec96452072c9
d0f8ae348201292aded570da70f10905d3c0d42d946ceadfa00703a1bf055e922c72125a
a79a0b22e6cc5ab72229e37dd5acdda089c9efc3f72e7bd67500116c069dfdd4c181506c
63459a7c17a81bbdb27085a17ad706653250a6c1c266bdc6f4f842b41f112ec9a3a4fb2a
9eb61e7e187d9935828a8f8dc9ca246329ad6228e6b31a5ce8a6b008fa4fa4298b2d170e
101f84721a71cc43ff1ce2a4730a96df2390fe6cb8dbec0a2b4f4e5b061e908039d296a1
25e0cda715c4a55e70b81ce815ef00df9159d32f09ba5b3cd30ed88c06332e8e0a57c318
2b0695c6663894b8885e689c622fa778fcb1bbb0ebca92fd759a0b81f13ef4160fe42956
817b8e89e7da84147e60c9c83938926158b7e8bd372b32b2b2c1a2cc4b20866d016abfaf
fb088fee39772fd9b217d442cfaa2c9ec7c67048c3efc7158ebf58babff60eff1b9f45d7
dad2d8a1a911c5f02833e3d16d341a1979dcf7c658117615a93904f4cec1e4b57317aa1d
532f77b2021bd94b1dd4b652d55afdbb7a466821fc5a7da6504fd12d977c2a5ed3acf4dc
ef06a9fb976e82c7b7059625e72fc8b69e8e6b872165e3022d71ff2fd9cc526725b5c801
06374e7312fabac87c5981e808b5512dd347cb26753f837786a769e6f11343aa12a5aa34
b9de38fa880da27cf6e97e320befd633e9b959560607a755b7aba2bf174d8c720af52d7c
8266cea1262dd8db5d8c5d5f6aa1281aee1bc19dd2cfe7b03ea3aaf4a0c141c25c14c27b
dbfc86f0527bec394c3c9b5f0b3d00614ae8dd1703fae3ebca30728b9170432cf89df007
e01eebc824766a76992780213f008f3d379f87693944fd6fc51a7def8f24c07df63faa4b
7749cd47702af7a649cee1cf85db2321ce3c1b0f0b52ddcc337477d4d7f746fe579eec2a
41796a34239c84aaca9139bdbb36cdb781af666ea8ca310d935ce01c03dd04be625e3c1c
c41e7e3b0c9691c77073eacd736a8317b078984c7939fc5587648033a24e7687b2adfdc1
17f0ae1b1340d4de738b1fff4cb854ff56686c479859c0ad00c485b47a4ea69d6d198256
f4326b281aa91578f6df4a5a4a04fc063c54ff15ce83c891b6d82bcfa1853d8b6a7dd024
1f66ed6fe7f44c9e9556c6cd5983285eba4be6fbb05c2c8d8a9e47d07d28c0d62526dd7e
9e7c49d84394e69b4fd0df56c1082c054a735c4edc2a59a06a86c51127c402ade94644ed
5072449e852e5195752554344e92fe1e2d6e7a701152cc52d1642eb1d539e759bdb8f41c
815247e7134201255fe52d7eeba5b386702dc4bfb4fa55330e686146552dd342b3a61b0c
f24a5d1964cdb9b9a8278e2c910e7a9ce94fec1f046d4b0ab00e4db080bf9997181b828e
0a8b06096165d845bc1b42467cf835593f13f0a063ad8387980d784353cc2f49358f5e1e
8c529c78dfe5eb5fe2f10cc46cf161ec30f2cd148bb277869b8e61922567a9bb6bd0a795
9e6f12691b8d844a6471a9c87b93f584d018f1bede6022d75ddc2367db83efb0056664bf
5dc104d6fc2c6709fee00e26dcc416ea536d98ab4741625e547ad782b161c3a7c756f1b5
af2d073736083df416bc60d784ccd68525578f862f33b1d4c1344c9635e4e754ab797a5e
e599de23d30a6b1e64b8f7a95aa7a38e2bbb11d32996c3ed6fa0983a7f6fcce0b3b5441d
db137df9fcdffde2c6bf8a00ba4fca392d7f30aa38f053485162d27e2836c39001ec5c16
f2ef44514006fb1d22fe83fd5aec1dd5e16282cac7136221d423f7b9fd0285d0bf007fdf
fe713d2581915de9e3e4a33280f32183c21afbc3fbd5724d3a87ccce2465797386a2de39
f549a94963a2c1b6cc7bdb435db0f410f2dfdaa96c0d1f90756b772cde2af66a8de3a961
efa71ffa7d2afe77186b8bfac9c21a9accbc1de8bf533547d4f3585e25d0457cc37ec67c
01d1913b95fb60f22e06bf49ff9b40e94ddbd72a92e0d3a60c50da00a5163af17116579e
d27b5c121dc031cbc0cebf42ed08a5fe46d3962b8c3e8098a8823336698faa26963b0372
45450161e90a0c392787b220cd07f5bf2e4040f325c7c2c4df439b816d6fcb53669559ee
c46fef981bb959cfc8db1758956bfbec50da68433f15499dd32a18be63436580b6a8359b
dfd467493db1ffa8823bdf295c093db98dd4e1f01362718cd98ddac86340db2e63fe9ae7
1e408fe5b34e5e57540bcd0a29587b4eadf362fee672d85a235197838f9855793530d3c4
0e44428fd4a62c05ba8315b53a9a246fef479865d061a5fd82c8086a451fcea3bb8fd393
b8b53ae0096be312ce4aa5b1e1c5424d2706816581f38d6ca6ebf89c5bc68559d6ab3f98
a2eb1106a8330516629d5715c86db63fd1239150e84da17e4a1b1390eb9464a0cbc533de
cce7f74ecd67f2806df1da7e93f710980e712485c37c44531ea56ca410e3d820c03889c4
3e5687b31493a92f0226ded0f6f3726672d41a7d537c31430cfbcf0177a5f034702b8727
ad506c4cbc6b014233a12a3d712ba6756c00a547e66ead3cbaa77addd6c9117547907f53
9aa3116640652581f2cf102035e0dfae70736068348b5b5a1f5687627d923e00902f08ae
70664982af9a6beedc67741ae8228a89d2956fee13151ec07fc378f8238de4db15c0e106
a0955d062cf8a0f5b8cfdf552f2e48d69d32ce4acddb64eb521287e6f8284fd6bec82dad
36c316a5ba7e0a8ad9df13a74d0d05ae963f605701396e9bdce75437278f80b264fcc142
30baa07ca2781ea0507976eb3294bff420c2e2897496294ad739bb6eab50a63a93d2e92d
5b0d9b10cdb02bd9334ea5cfdc988aaa82dd89c8d03895ef45e9a9af099a21bddc9cc748
4b2e528740a0417e12a9ad963082e8260f280a4234605b5ba155532cb2f3569b007ec234
4720c3b2c61ff5efc4207a0062152ff5a1b16304ca5070995e756007e19b710e676bcb45
7df07622184f2c50a8423ab9ebc380514e75f4f2733fbcaead738c247dc9f85acbc0ac1b
fe7a25bb30df78f413cb565829e0b73cc953c4df94b891ae246fe08fa5d1ad6c1c85f208
ff56adb06e8329f7301504a7ed237814735ae14fbb47892f10e86556063c252a137914e4
5b8a9fede1294fafb09c77e32929fd4915efeaf4f2818ce86ce24329647b5b8b1b9c6110
7acd7b876d6709ee53f02db1c77000fad9bd8b6e6773f826cc4f5afb327358c4c90e540d
7a9071b993b5d622932d2ab4dafa46e25ec1a69821c63b26c45ffd92f56855608a575646
12c389f469e9a998ab35fc1de33fa39209e278bfbeb27f1aca9703b53517a1285f5cdfcb
45e82b30fd4eb0f383d3c1db4518264954a742fa62327e5b79e86c8d5235bdd2d02feddc
82085b042231c0689531506a107306a7312ab261d151224d2545f62a3b177106d5a1e0c1
ec662b801a6943364b122ebaefba2f3007d010f5e3e70761eb3a18d13210e0ab7050aac1
f5457d44d8c2598d1cbb76e0391c97698dea31a48cd76ad3aaaeac2127204b648f170acc
f7302652839a55263bde13ab4092bf032091b66495db08bd2dc2ed5137009188240655e9
8d82f580908962e8e8801a15d06ae3d5a9a1ca0f1031ecbc2736eede265452380775cba3
8b4fb9d84a55ba9f8e9a2b7e7811385569aacb7f00c12f5c9d8081f9663978b661475907
645fdabda5f8690e669b62924ee3f81546aec45b1930f9ed52566cdd3e3572a8c1228349
c5cf339cb8136e2c737848ed243a1ab3fb09f2c83a086e856b6c5556406b917abdfdd4f3
c1914f800777edc30e238cb8ac2861ef19d5bcbcfa14d8dc73315d59cf00f9adf2863cd8
736de373a726f60bd1ea452b250c2bfb8c41d64a028c2a33e4e00cf48d53c28c5da2b28f
0b958b0d7600ff0b6862ff2ea76fe46f85618bbd1cf12a6676b37ebcdf13095addcabef6
2b7c9d4932dc93ef773d20383bbe46a0a0624340adbedf5de70d844fb24ab4d8c7762ad4
06584594ac76226f7044aaa3f9802418e080f1980c3dba90c677a31e5d06fd6620bf98d2
ed4c0da623ab90f1ff871e2021568866705bb88ad808dfcc501b2f93fcf342beef688035
b99d59e35655e13d6515946703d994b22695e018c0d0f40dd6da3a13369b21ac34604fad
b2a08892de7510eb9f14b015d187cd74f7ec518fcca9bdbcdb7ce97ddf81d2cd171ba0cc
8da62f7112974f3bdd9e087e7a62f83378036538abd9777c361ac10fb2a17579c9c00012
be491e40c7797199feb99fc271c2f8251be122b99db2fdfcb17f169922d8ea2a6731ab00
286230c8360ff3463762079f719a18398c6d8700024e2030a6da7ec517a1649ffb9daa7b
6d99d6a5a3381e38f10970a98b30db005cf819c734ea2f019191c5f52dc818a992019630
03bfbbba7ca67d28ef80365becaa11ae20feb3224348289744cacead3e3331b41e0c9e0d
9a34fc0a549c5401a493f080261c43e5c0ca0126f63c2ef08f7ed0fe19ba0149cc12d996
c44d7eda08a2b85f532a56fd95728537358a38f4e01e03240de487b91a5f57c9820a10d0
5a49cc0f7774806596aafb5efd2af58467fa3c40d3a22472eed12945d3dd9dd8389429f7
9c6e24b7ca7f69d976370f5f20b7307fb83e3b2b20e86a5fe7d819b882ea53ca265181fd
bcc0f0da092be18b0177cacf2243da393e03a2b2fe7a58b54244d9ffc110a694dba0b042
46e2bb9e18f844b41fd3c2b869e7e7b6ac2acf14aeb29a223d89cdcaf03072674c2b7145
054be4ebade8cc9ddd52705c678e282eaccc79f85fdea95b37ba7cdcf47199df30fc714d
b8898e4e1971e161c54f673beecb7e85afa05040e2430cb7440a7a58cd58994777be40fb
e699f4283726a075b4b07b71a9d984d38dbf299346d889273443b24ee61e206fc1ae35c7
142c31f3b0e893666b0325f32d191f722f46a4f47b1fac57f34e471948b0f667a426e2c9
5e72d808b3fdd4844ebed145c590a4c3abe3d5364d7cd24f156d7e45b211d18cfd820416
e2bc41737a3db63f04e63fb79af8844a92066df0f3eccbc91e3d37f7ecbfda5fc9a5e211
0e717fcb9613c23e2eaac06a3b9851cab6ea8a261280643799055479e1b83346750e7efd
3b4e88f33dc907eb74e668ef2f716da937750596dc5a5d6793dd3cae02b229d10f9f19dd
4d8e28d6f5fdc8df735e6c8be44f0a663a44c6b69258033247cb7447a26e1fc9a431135e
ad3612321c6900b7e4da04c2d40f22277398a7afe5de09ff9f2b2a54350ed0cdb12f8150
b4e5e28daf3a85bb5b7a7be1063ce2ee4046dedb7fe2c8e54c4a17d48c67de090919f196
0c9171e43a9f5ead12a6aebb6e855bfe50bf39fa70f6012008fbbc2dcf902f1d46446f12
27ddc9d449768307523e6c94f9d8e1cb754185d9f3dd000c4b9fbdad452022af86160704
72b317dc42540501d02fd9964f03ce64d861f4dd69f3658ee959c120efbe9b5a552c6cd4
95af2b496cf26238694c7b0d1f6a806457d6821f403e7985553c8364846d7b74567ee3c6
002591b7051dc30ab2f712567031aa34c698bbabfea504788a235a73641f82f7d39bc43c
f8b3f0d426581db770b4fa4527a7bd6d271aaccbf88eb2a0bf964335d0b0fe6cb066866a
26cb1e0cebe383021cc699f0d513cd8db2188dc31a7836a7d099de2f2d5afba36d591364
6ba11b9381decceeff9b09311885fad7cc8baf02cfb6b50de62bd4d7e901accbf74c0db6
4b45a886fd4b3c8cc6eb4331846d923627c3cf07f145b562ccc1971f0237ba480bacc05b
ed88f62183d5140014098953c59c3f92113a76d4390d527dc107d6ed6211769ef62803b9
d824710b6b14aaf59cf3016ea3aedd9bb686dbf178a92ec5be099b13f7e424a0916b0103
94fc889d0d48d0aed8a7f374983856670fd9b3c50b24c8d16c76acf3ebfd268f7553d432
9037ae5f51898a4c3f51dcbcb057618a7613d7d46d6a4a754eadb3971c5d63a891ac9fa4
9b02298e0d095b976e7fd2b12cd571bff436fca577424365c9debaeeea83af36d1cb351a
6110c8e542c8f63488696ca1e501d81dfb7a98ae5182550a106510466f3d81b051226e27
7099d0d291d615079aa69760902947d6ad392361ea1ab0bdeca1ffaed8c4e2c8e169ae1b
28937b4afe909b767040488cbf00a0bac2acffc843348cc1532bde060b1c897fb42ee3b7
b255fffc6aa0b885b36d618abf54f86b6c776bcd1d49370d8aa6ee55f510caab0428fe4e
a42f590070eb30581d0032eae7913a502ab0b90e0d14d6f2bd5b260f6ec2a66dfa127ae3
28ff1a4601e4b5013d9ecfc821bd78dc1f9342e537c6ec253003305586a59ac8c0157710
d65bcdcee1b799b12fc99458293fc931ef29629d9d824533c5f727f4fceb32b394d9d0c1
758a0a3b5ab074216669fa53d41b725828e04074b87a61d98b8b1fe9f4470e110c94c0db
5f6c440febef27d7f2f109b8de46c35527292be184e73a2580870195cd9f1ce13007dbc8
1c7f0cfdace3d0fd76926c094f6122ea990bed569950a39bd359adb64fbfc7fa447076f1
e3a1b900b40abcab0d7ef6ccc1ac4c64653da3c4c3c928c10eb8728dffffff2a16eb5be6
2307e0321ed6e5e217c4313647eaa50d41315309ce1ce8d4ac71f51348794085cba90fe1
53f8e614bc0832dc2e90f07dad13e7c0f68eff9ea5ae1aa4c26b98b4372edf987b3d02ae
5403cb606bcef519a3a6c3cbfa982d02dff2047c3a81eee43f0eb9771f0b5d5f84722e63
2ae00f4433f2efff265d2c8879c2f6a1de0d7c37dc7dc5105d32dd7b5018fa764e9353ee
1cca0e1d7ebee897cdfd7c82752ebdae3eade5e04465abb2b2dae400afad6045605ba1fd
787fb76e8ad0068c05d1724a70121a4a3ebdd02ce66466074770b1127042d2fcb41183f6
e59e2a4b84070dcd485463567aca02525e7ce1b4b88232d317b8ab5e6519256fbfb29cfd
a37d5c9d926cf87ccad0a6ba6aeabace0277405e4e607755c934fbe0fe642636a5fb78ea
869e911cce3e473b9166b116a49c36fa93868dfec8a1531d6a426ca8f253c599ae1f4c66
ec0c8067ddc7ba9b3ae04fec0adc927f2c10ee83680179ecf18f101aadea672be85cddb2
ac279e5f5322043ca87a6c053f04f7b09e0dac4139b87f17ec1a4dac130a3ee6255faa26
14ca4397858dc641ea805bde82fcf56d11d545e011ac15f923dc5437e5c6898e42993420
9114717606a9a367342fbfb03c3c89c4d6524a306cec77ec688e3933bc712e597570d75c
a2fba2990aeaac04eaa62bb68ee46fdff4a2ec00da8ab0528a6905bc8613181cca1b500b
3bae7bbf11e43fbc22d09fad83c595a165ab43d8751c5d774f2bced05561acedd0184bb5
761972935ab1bedd25f019c28c7facecf552798ce64946fa21990df2062dfeb38c8e2d72
225ccc696859fc8f259c481fc60d8950e22fa5b9ef1cdbd533bd73e050b54b1daa6987a8
c25bb3ad12b5900c65cff3d4aefee419a97f31b51680ddaaeda172ac8718751607314cf8
81ff651b3e4cd06d1c143dd3f14db7583f966a76a6da22f1c1f10e477036ddf1f4c34a39
b63a6cb06fc08742602704197c0d37938149f442df51a7f5f0924bdd72ab823a8d324a7d
ed617c4b48ad5bf5c0bdd6d29a48ff024502536cee53fa2e3876d3d509e1f0464ed18746
7335d43724d615d8744b69cb21ac90e8d3fcbefe7c4fcc14b8720f98c3bce855dd00ceca
5a3e74bf08cdc77974115af119ed4c228be9ce55cb5f32b80b04c05bbe40003ff843173e
39b863be5a9cd961a773c0d772c35ae2ba84741634d70a28f173fadcf423ee037147a9ad
ab8e23f2164e797eff16a44aa390862531d6f90607196b8f9d83d52d6784c0503d16b0d4
de73623cd98cb0c2fd8a720fa9d4a2ccee781449c1f102af7b3f908857d541da84099895
0f3e72b172f16c3e76759a1085bd2fbeda0ec1e16b6fe69a893fc9ae5e4590c639cfa64d
3b39919e0d1d9a726f997d7dee9b0d3233694335a322b1ed52a089ab522501262a97a54c
4a53299b3b6ae19217bd2febebc923e5e8bc60dcbd49a7db2cd14121bd3a23397b84426b
04c2d6450e09bafec7bd1ecd469b54503802e0626e63f8cd829e2f072c1048a054a88eeb
23126578d5337ec6e5c4c734c3acc1482db152aee33c5d5df14443b31d61d7558e265fc3
2561acc27d3411d73ddbe743c288447aa818678f4c274acb9862ff663b7e305cc3b60273
d16c63fabbc979cde32ac2c7223f3d71f4b70dd3eda2b1bf1ff1cced19d3ce87f2f3f666
303b1867e1936ac5461c797f0b30e269fbca595e6f110bb9446da3540fd4b9d3cf7537c8
cd3898693610e934251d20063c89d5771d05cc7a88774e0f58d0e58471b3d026a4e0f3ee
081e97d6f30bbff187f81a3d581a76c636d1716d502423b129eca37ae144d2af5c0ef476
d9d20d9530068e32ff746511473c113beb683246574ebdd89728ba4eca8806b6e3049337
600423bf55885f56458fde3515659a21e24fda9f7388d58c6c4ffa618be58a53e8d0de16
480c53c2f0cbd9d4aff55ac2ac3d0c112f41c8c69ac91568168aad45db1aee8909b757e8
ff5ae1b4872c754db9b83ede248c6bbe9c404ab36176e96b439a3ee863d73d50f251ec1e
f88ce903ca44e8dabefe3d917679a14cd7dad5a9d3e7a927bf79944bec2f1aaa0f1aebcb
e6111cdfc43f67b98527738c81a79636672ea171a802810f6b74fc5ec59fe7eb7573e766
6584f158fb4c7075f1893f2e39cbd9d1963d4a698d8573e967fdfc8e0e084d854276e83f
dab7d38e926d27bfc4a1f99229416b27bf524fea534611c4302342cb39de7db645c5ce8b
c86daf287a3cf541698dc41929853f61b4d1ed90c230366e66684a5caeebd2380de3181b
bba33b0adda833fa75a3e66e177622c639402cbc56d7579d28d955563a43951649a1eaa8
bc3b151548691d0d18b83d7d8091b700f713ff25b35ccea2e73fdb3b82747efc95a098a1
ce3d34de31b62cc6e9c650bbe02f301fe203166f4c549746d2af1adae96fd4180f89229b
a7e75e05c456315449357c9b5df99daace6cfdd3fc3d3307562a5e6d9f39a73ea1869eb8
fdcf4d6e2124835862300de758583618a2bde6435b0094bea94f5afb93ba0f1ba5dbedd7
585074a72d8b1d4247fa1e8509d1bf2819c347f7cb15d56b303fc286e937b9196d6089b7
8485d8c008f890d90871d4c3420a480204aedda6dd0c5fa6ee21e5d46eaa9352b19f5ecc
36b30d47955f1b5743ef4613e511b2304bb0452fe797d525b7e9ec312b3d1c52a79b4c96
419533bc460771e55d88e583a9206910d4b83bb33812ada17c8c8cd7eb02a50f6305ca61
2bb8552ff33e5d07c65633ff58542ccc4f5580a88effbb7cf43d2d1694a4a8323e4a64ad
34f0133452e16b88f5c918f911c11747a98e92b4e4e09a86ec1287efc8c368e64c5e198b
6a38e5d17159c90c5c0276ef269a2d69e80142464fedc55b556fcd5d060c65b42eef2d5f
f7862b0d7fa26a62c119c72ac831a5bea370a2b5d305b4967a2454127ccf036079494081
c07d0bbece59fd0a6d7d42e01965bfd0fa7be986f8a0fd485da1926f46893dadbbcadaf0
8dd015e44f650426a3de956755812a2d63dc620bbf712704a374b95d99a5833d805cc3dc
aeab6bb88680d4e7e2bde424d6a7085871b4c66d04915591cc30f95a40a564a0fc831440
d0d4b90280733ab82f7374659e24e4840b9978396215e4e74979a348d4f27113b72fcd55
2a606305a348b819389f149a71cdf8799f982922ad83498f6e15bc96d19e6c1a3aae663d
4ea4fdd2bc22f051dc4e87973a3460db0b831892a9d95dbd5e85ba2fb11ab1911c4c05ab
4218a9bb563eb823196bd115d454bdd7450106b3b7049c37edcbfa8bdf23d6a13647cc28
d418bf25586322237a2cb772e0f9233f7e9e8f9358bc44815df21104ca4bf4d9f8cc4c69
fb02efe54c2fc284640ecc02b4557691a47ea2595fafb07bfec0cbdc701c7305285dd8a9
28f27948a7a620d2da677b0a1aad6b1e62dda77c89a1c67b223d03ee6a7ebd9ea49ac5ac
5aa5260b3ba7320fa5d58727e695130025a6529eb91609846c8e4c3e6441adf3f7f47b68
cf7f2b01a201b2cb3c3733391db53b2914bc380e56dc9434d96ddf083af44eb6c8ed6995
e4059de0b349f46683fcbbe797cb4c65dd5f7d6e9182050b938916b975cededf6433c091
43f5b3307043ef58120abc75db5b9eaede6baf2e9e129c8a643af6054c27a0f712160abc
6631b8bfbb1a1f602ec591d48cd0e69d9c2cf264835de4c99024176834cf3dd4e64dd398
a1a9fcdcf13e35885b34467d4b66d2d816c28be9af7978ec377c099b7750fc8d80fad8ea
c271b07a59f679f6d7fdde37289a74654b93acd4fecc320e5a3d6a4a197f133fe5043b4c
c6df79985da189edaad8be8cdaf56beb3780229f2e414e7bc0f33d4c18bdf3258bdf98af
32a7352d1449e440896659c3b2ae89b1ca690af6617175abc7b9255029d07adab891aa17
42b821f86ae697b1435f37a7fa7819dc5badb41123ac130a7df264fba49d49fb2adb7f72
8e524ab8e5de23c39ab756cd1700f8f2788c65ef23e99902f7ec3bcce39f41075e2a9c65
2209f367895eea30a5eecfbf6ba08848fd930e38546b8b2ef6ef8a517ebceff0c22bbcf0
04cd50bbd08e2f35eac253709b3980da64070ecec3243edccf7e54d0b681fad0a2a73ccf
e56e458029daa6987b7e9952d7f15cd3e8ef2ca88aca2d43e3789ec92ded60bd216ce917
cea46e03260a49c95bc136f335d618117f8beee996ddb2e2b216902edfdbc2b71a629a69
cbcee908bf832241fb722b0b16cc35af8fb4e171169a4172d8faf6bbbd725dc339187363
c56af04ce312fb737fec10cadc8116c69c858b0084a7aa58fb3544746f816329d8fa5c6c
1809c6994e9b3702c57a7f75f345b83f642008736e762abafafefaf85f7bd7193fb42acb
73bdb017bc3f4445cda4701949b9dc778233d683fc0b78f0b9e2ce1f812ff570a4a9fa8d
a1c7b895397bc70a88720549362e58ce8de38644bb707bec2606ee60239694b5c0f2dfad
aba91e4abfc5c7ddd4c0076e73ac24e11ed557ecb39b95aecd4b0d489c559f2c93d9d351
79ec205eb834178ecc8d974ff60d8e43e67ad6fa551defcc5c95ae40f5830efe29e4d0c8
7842976af863d143557cb25f1f071eb7ad88d07afa56bdd7d17bd5024bec5ea96033dde2
4aa698a57055743f8f095b12c5ff4f52ea4780dec53a10c65ce8540eb1e0d23dcd1fc17f
7f5caffd91a4d875a31256f3af5dad71460e7e3746a13e9a4f2e1e6502e4b5de1295d8ce
5663d0922b798fb1490f8965648f1437593cd727052e0bdeaf271bbcd9f95638ccc9e7b4
80110cd7025e70279f084250471e64fb73693a4e416c13e9f14a91a926c6b374fd5cd5f5
e1e0a37531e71c6847e8d788eb0ca5afc8836282759b510b51cb591b76a1eaa8ddf92608
136e72da2ac3c203c5840bc7976564e7078015188b616e2e47ef029ff8e413010fa61e85
c3c8925fb2fa0afe5d59a7d23beab1d0af2a9f5fe3e063f0da3194134b5a8fdba208c3d0
3a16654346b381101cc3d8dd94b86f09e40da9ca830fc3c5f31c84cc832a14b6a4ba3dcc
f35db598ce868c2bd8539e93b2cd63c9c6651dec6f1a465be480bff086e80fb2ce11710d
fae4d5d64996bf3cc0a0f7df23f28574f7e47b6a6d583ba89f3a6dc99c828b0dd3edc80a
9994e873e9c72c8cfc1052ede2f8c9aa9c0d3c2c6d0c6f66f89ac9e1dc14f161522ebfbe
e7bc2f82a5321402421455374cce5d0120e2f5880deb314a547f8c3b2f0fec9306a131f6
2b1f69539fc133afe7b10481ae414ee8d9bcc818797c2388f85090dfb52ffcd1c9cd37ca
cc4ce2c1b5575cebee23a127316108c2e721f63ba01dadc530861bc54460c2642d76a481
1d3f430320a023c41cb29961ef0010e7a6af3c70bcb815db61c267b320427ff2d4822a11
21088cc125b8c328575b263d49e36837dd4fe589969652ad8d70d668f2ef3ae2ba9092d3
be8a160609f364a0037779dcc421ebaa7f8657128f0828d0f24e191272a11e053ffb158c
0fe7b06bd22bd16a6919a2c497273914b786b93116686ec17e3302a7d326d0a76730ce64
380ac7f54dad1b7d6a83e320d4a5cfa782edb609e1a32186a7f5f9b3f2e40a7625f4f341
e307d1b8bc37666e56b2b10d7c46c622cd742bd1dfcc0495b5506995986f34569e2ab544
a89bd9b522b3b1a562c90998a574f5ccd57007c72c85c692303f7c859e275c620ef2ff79
73799280a19ba950c019dfda40f36c6211bb897b7244fd1d912bcf6e9f6b0e19f055ac94
4a5d852bf14a52562434745e44ea1b38e0ef4e64f39b529e2348bd2086d04756dc0e4c35
6324ed6a48682c6e6370575666fa597a3dc48aa676b9a04b829776f9054fd8896f749647
cb2d6f8b1a89add34db845379f08a9b2c4a2a7785ebcb09548b4cdfa66681ee7fdbb7845
044146007107b05901fcae3a6ee75a6e2ce5c61137ef0d0974bd4743a38dc78c57cd3bb4
3aa0743d2c52aeff78b0e30bc3c19a2e107da0df42af3636115f967cf4d1c6642490200a
0b0bf002434ff03c30406b1fe97bce458ed6ecd016c7eb40c2a54ef5d5ad0b72aa577683
5a1b34e27e9704f50fb3643be00b492b98524be6ef212468ab1690e0a73ef9fc448925e8
2987a143bff1c6d37302cdfbfeb9544c8cd45391a9cdd569ff35613965372a02c72b95b1
2f1c50fe0e719f0f0cc72c2062d1b68138203da109f698677a6ed855722799b205b51583
046c49ada5aac43648b0c7835abfeaf0ec931e781bcff2f163a56a735f174f0028b1381b
98bd7b83ad95c9cd57c92071207bd4a3a7f00dffd3a8be59b020ac9b0ecb1eefde22550c
eb89a3244b49093d047d33b0a0c0e06f2871cb8856851b434a16469eb55a4111e28670cc
8872bddf142988953bd6383bcaef80f38b8ef8261fb07df3ee6b2b23da2e69d834110983
cf1e86b009e93b44e592071bb489a4325bba2d316320d4cd04542abeff1681fd2fe6117c
585153a5009306211328b486d3496226f593bb97c617cfad5a733e30afdaa8e8ff00fa01
bf29eb223ee853fd95dd46da518434a06c4bde8dca58ee770bb0f4e34318ac213fbbc3f4
1bd0bbfff4ac8e844e97c7333ebb8c0dba203326f4a03cb821256866292e33a16de68581
96630043174467b6bc0eae84dcc218da92dc9f088ab0dd116a0a1149a4780dfb1a177188
45647f4a428fb02029dd46d7c68cd74b1c99b56a80a5dc6ee66c342868d225b6068d00fb
a42c102d46951719f4f0c25314c54ab98182f2b39e625c0d1f2d3283262113e38b09f972
623a97e589a4851773c40678bebad88ad5c9be3b86a05ffc2293ac1f7cfba3bf00094851
812343835bd933ef071d3d0727d16b4ed51aaf13c7dddc2ec25af3f8dbbdc735bf5a96b9
b53f36389b312c60ef98b0920f3d54609678188e8407dc3b1fc5b116c268431e67562867
8654696dec95816379465250ac6c4b324cf871de4f7b797c9d6aac1a220c18453a696990
e3d6c0a96954249fe58354154c9e7d9fd83bc143223a3011de9153b3f0e8e5eb81271f70
0e9c26f2792a63fb8bcfa5de590eb27407584ba899bf4b79bf4292fd0d5a6bf4ee279be0
957d25e0bf69d731da83e58e17e5f10735cbc10a8bd5ec46af20b6557f5f8f8df5c7db49
3d15cdaccd9e1f9c934ca553541f9f8bad6ee455feb9e148aa1520d4fd74243862366d12
3164485acb09a81f297ba1995c316a951d61e780aa0d0bcb41ce4484653a31a20036a1e3
71f99899ca75077cba5a300ac15e75c0c847b61020207fd0927d8738f4bc2cdb79123049
5b640adaf83bb59ff7da74acfbea3a817ea2d301aa8c1cc5eb82ff6dbd59b71ecd0ff5b4
cde6e4af67b7ec996e0201dc7865b2b9bbf929abfcf01e46aa1f5158e3c9f781038f1700
4f24610726d2090213b48767213de735b9a21329dd68f6fa21703cad4db0b05361343978
727fb20bdb8c43d1745852c4f2efb8309b582b59ed6d0e7486a89105c1fc8e63957f4a5e
64cb2c9842470b0fee3a814cbd16cd2ae5d1124df2ca2ca58bd31945575014add020cd79
4c6667c0364a8a0b293ee60a4e435d048783a6da4c0b6087f68bd7fcfdad76cab551d4a7
3e75bde215e081723005939cb55507e3fa1b6dc97ccfd44bdd6db262e2a7c3df62aa2c56
66c2f2c7f8bcd63b01a1ce1bb0efbe87a0f11cbb3956546e2e8ca39f21c2dc0e58d5b78a
a65619eb4139c366b00344bdf964883d4a3b69c92d8b50054ff53767793db2f9546baeb9
8cf8e90d2e6aa317e892625bc7fb32418181648e11233785d01a59b326cc7ef8c59bc5ca
a4a95b9a5f88b327230e54e2ab55f98d28ac8b80a0a2a8fc5c1939b1f08e66f0fcda8d93
11765581a27677c245d055ead67306218396799247a5cc71fa5e994cf7188f4064362b63
ee8ae22f589547bb08969794f1db5a2fac30c2540f5c3278fcc7ac5706901de463724daf
7606df333eb4a9d301a1fdad395a1f763ca2814d740de67f293eba446944166aef938c19
bdb169b7fe7f7ab0c117d74a262b7217fb29746c7f2d476f79078020f18cdc4a36db5746
b05e989559c3741d0a6e2e355a4b4aa7174b6ba4dcdcf7d95701052ca270ea9c7b468641
2c60b885d6122fb801e87c86d8fd90d792bbd6ce74ecc775a751df89bebfe67b059d5421
5409dee8bca8b3a30da599ab8fa0aa01ea49cc4c5a0ee17476c5507f8d3e976c72cf6d3c
36247b1878d41a971caa786a968eb1d275d07d4eea7e72dec5d80516728cb42ba1ccceb3
9afeb0a3efe3c139d9a1f87089cc1dd7656b2f69dfa95987a95edd41c5b781e332dfa77e
b8637fc8cfb9329db74c12642876d2b9efd2cf4ba2dd5629d63e53db72257c929710b273
2e4d4e325c9edc6b386e3bb06962e1561240314e8717b01d7c5f38f60b1beebf6f63506d
34386438306637642d333862302d343332312d616162332d636338373564646363393834